
Microsoft Visual Studio Solution File, Format Version 12.00
# Visual Studio 15
Project("{FAE04EC0-301F-11D3-BF4B-00C04F79EFBC}") = "SampleApp", "SampleApp.csproj", "{58ECE0D8-86D9-4E43-8CFF-11F8609BE48D}"
EndProject
Global
	GlobalSection(SolutionConfigurationPlatforms) = preSolution
		Debug|Any CPU = Debug|Any CPU
		Release|Any CPU = Release|Any CPU
	EndGlobalSection
	GlobalSection(ProjectConfigurationPlatforms) = postSolution
		{58ECE0D8-86D9-4E43-8CFF-11F8609BE48D}.Debug|Any CPU.ActiveCfg = Debug|Any CPU
		{58ECE0D8-86D9-4E43-8CFF-11F8609BE48D}.Debug|Any CPU.Build.0 = Debug|Any CPU
		{58ECE0D8-86D9-4E43-8CFF-11F8609BE48D}.Release|Any CPU.ActiveCfg = Release|Any CPU
		{58ECE0D8-86D9-4E43-8CFF-11F8609BE48D}.Release|Any CPU.Build.0 = Release|Any CPU
	EndGlobalSection
EndGlobal
